
Microsoft Visual Studio Solution File, Format Version 12.00
# Visual Studio 2017
Project("{FAE04EC0-301F-11D3-BF4B-00C04F79EFBC}") = "Project auto2.Plugins", "Project auto2.Plugins.csproj", "{8D1A8237-86CF-30DE-B7B0-D9E601B7618A}"
EndProject
Project("{FAE04EC0-301F-11D3-BF4B-00C04F79EFBC}") = "Project auto2", "Project auto2.csproj", "{E178FB85-8661-6DA1-5826-5730BAEA3687}"
EndProject
Project("{FAE04EC0-301F-11D3-BF4B-00C04F79EFBC}") = "Project auto2.Editor.Plugins", "Project auto2.Editor.Plugins.csproj", "{5C953848-7EFA-61FC-615A-72A60D635070}"
EndProject
Project("{FAE04EC0-301F-11D3-BF4B-00C04F79EFBC}") = "Project auto2.Editor", "Project auto2.Editor.csproj", "{368CAB55-51A2-EDD9-D370-6093371E2880}"
EndProject
Global
	GlobalSection(SolutionConfigurationPlatforms) = preSolution
		Debug|Any CPU = Debug|Any CPU
		Release|Any CPU = Release|Any CPU
	EndGlobalSection
	GlobalSection(ProjectConfigurationPlatforms) = postSolution
		{8D1A8237-86CF-30DE-B7B0-D9E601B7618A}.Debug|Any CPU.ActiveCfg = Debug|Any CPU
		{8D1A8237-86CF-30DE-B7B0-D9E601B7618A}.Debug|Any CPU.Build.0 = Debug|Any CPU
		{8D1A8237-86CF-30DE-B7B0-D9E601B7618A}.Release|Any CPU.ActiveCfg = Release|Any CPU
		{8D1A8237-86CF-30DE-B7B0-D9E601B7618A}.Release|Any CPU.Build.0 = Release|Any CPU
		{E178FB85-8661-6DA1-5826-5730BAEA3687}.Debug|Any CPU.ActiveCfg = Debug|Any CPU
		{E178FB85-8661-6DA1-5826-5730BAEA3687}.Debug|Any CPU.Build.0 = Debug|Any CPU
		{E178FB85-8661-6DA1-5826-5730BAEA3687}.Release|Any CPU.ActiveCfg = Release|Any CPU
		{E178FB85-8661-6DA1-5826-5730BAEA3687}.Release|Any CPU.Build.0 = Release|Any CPU
		{5C953848-7EFA-61FC-615A-72A60D635070}.Debug|Any CPU.ActiveCfg = Debug|Any CPU
		{5C953848-7EFA-61FC-615A-72A60D635070}.Debug|Any CPU.Build.0 = Debug|Any CPU
		{5C953848-7EFA-61FC-615A-72A60D635070}.Release|Any CPU.ActiveCfg = Release|Any CPU
		{5C953848-7EFA-61FC-615A-72A60D635070}.Release|Any CPU.Build.0 = Release|Any CPU
		{368CAB55-51A2-EDD9-D370-6093371E2880}.Debug|Any CPU.ActiveCfg = Debug|Any CPU
		{368CAB55-51A2-EDD9-D370-6093371E2880}.Debug|Any CPU.Build.0 = Debug|Any CPU
		{368CAB55-51A2-EDD9-D370-6093371E2880}.Release|Any CPU.ActiveCfg = Release|Any CPU
		{368CAB55-51A2-EDD9-D370-6093371E2880}.Release|Any CPU.Build.0 = Release|Any CPU
	EndGlobalSection
	GlobalSection(SolutionProperties) = preSolution
		HideSolutionNode = FALSE
	EndGlobalSection
EndGlobal
